
Microsoft Visual Studio Solution File, Format Version 12.00
# Visual Studio Version 17
VisualStudioVersion = 17.0.31919.166
MinimumVisualStudioVersion = 10.0.40219.1
Project("{9A19103F-16F7-4668-BE54-9A1E7A4F7556}") = "Czytnik", "Czytnik\Czytnik.csproj", "{DFFCE389-EA35-43F1-AE7A-2DDD7BF63585}"
EndProject
Project("{FAE04EC0-301F-11D3-BF4B-00C04F79EFBC}") = "Czytnik_DataAccess", "Czytnik_DataAccess\Czytnik_DataAccess.csproj", "{84A221EE-59AA-4F5E-A47C-235DC314F7B1}"
EndProject
Project("{FAE04EC0-301F-11D3-BF4B-00C04F79EFBC}") = "Czytnik_Model", "Czytnik_Model\Czytnik_Model.csproj", "{28D01AA7-0A36-4B05-85B3-FF26E90166A9}"
EndProject
Global
	GlobalSection(SolutionConfigurationPlatforms) = preSolution
		Debug|Any CPU = Debug|Any CPU
		Release|Any CPU = Release|Any CPU
	EndGlobalSection
	GlobalSection(ProjectConfigurationPlatforms) = postSolution
		{DFFCE389-EA35-43F1-AE7A-2DDD7BF63585}.Debug|Any CPU.ActiveCfg = Debug|Any CPU
		{DFFCE389-EA35-43F1-AE7A-2DDD7BF63585}.Debug|Any CPU.Build.0 = Debug|Any CPU
		{DFFCE389-EA35-43F1-AE7A-2DDD7BF63585}.Release|Any CPU.ActiveCfg = Release|Any CPU
		{DFFCE389-EA35-43F1-AE7A-2DDD7BF63585}.Release|Any CPU.Build.0 = Release|Any CPU
		{84A221EE-59AA-4F5E-A47C-235DC314F7B1}.Debug|Any CPU.ActiveCfg = Debug|Any CPU
		{84A221EE-59AA-4F5E-A47C-235DC314F7B1}.Debug|Any CPU.Build.0 = Debug|Any CPU
		{84A221EE-59AA-4F5E-A47C-235DC314F7B1}.Release|Any CPU.ActiveCfg = Release|Any CPU
		{84A221EE-59AA-4F5E-A47C-235DC314F7B1}.Release|Any CPU.Build.0 = Release|Any CPU
		{28D01AA7-0A36-4B05-85B3-FF26E90166A9}.Debug|Any CPU.ActiveCfg = Debug|Any CPU
		{28D01AA7-0A36-4B05-85B3-FF26E90166A9}.Debug|Any CPU.Build.0 = Debug|Any CPU
		{28D01AA7-0A36-4B05-85B3-FF26E90166A9}.Release|Any CPU.ActiveCfg = Release|Any CPU
		{28D01AA7-0A36-4B05-85B3-FF26E90166A9}.Release|Any CPU.Build.0 = Release|Any CPU
	EndGlobalSection
	GlobalSection(SolutionProperties) = preSolution
		HideSolutionNode = FALSE
	EndGlobalSection
	GlobalSection(ExtensibilityGlobals) = postSolution
		SolutionGuid = {F2BC96D5-0B1C-49C8-A5C3-AC192C472877}
	EndGlobalSection
EndGlobal
